
Microsoft Visual Studio Solution File, Format Version 12.00
# Visual Studio Version 16
VisualStudioVersion = 16.0.29613.14
MinimumVisualStudioVersion = 10.0.40219.1
Project("{FAE04EC0-301F-11D3-BF4B-00C04F79EFBC}") = "Eficiencia", "Eficiencia\Eficiencia.csproj", "{A156EA9D-3927-4FA6-A3E7-854381090282}"
EndProject
Global
	GlobalSection(SolutionConfigurationPlatforms) = preSolution
		Debug|Any CPU = Debug|Any CPU
		Release|Any CPU = Release|Any CPU
	EndGlobalSection
	GlobalSection(ProjectConfigurationPlatforms) = postSolution
		{A156EA9D-3927-4FA6-A3E7-854381090282}.Debug|Any CPU.ActiveCfg = Debug|Any CPU
		{A156EA9D-3927-4FA6-A3E7-854381090282}.Debug|Any CPU.Build.0 = Debug|Any CPU
		{A156EA9D-3927-4FA6-A3E7-854381090282}.Release|Any CPU.ActiveCfg = Release|Any CPU
		{A156EA9D-3927-4FA6-A3E7-854381090282}.Release|Any CPU.Build.0 = Release|Any CPU
	EndGlobalSection
	GlobalSection(SolutionProperties) = preSolution
		HideSolutionNode = FALSE
	EndGlobalSection
	GlobalSection(ExtensibilityGlobals) = postSolution
		SolutionGuid = {5244982F-7550-4A04-A24A-706DADAC1204}
	EndGlobalSection
EndGlobal
